
Microsoft Visual Studio Solution File, Format Version 12.00
# Visual Studio Version 16
VisualStudioVersion = 16.0.29613.14
MinimumVisualStudioVersion = 10.0.40219.1
Project("{FAE04EC0-301F-11D3-BF4B-00C04F79EFBC}") = "GenApp", "GenApp\GenApp.csproj", "{861F2696-2A79-4A82-853A-74840A94D012}"
EndProject
Global
	GlobalSection(SolutionConfigurationPlatforms) = preSolution
		Debug|Any CPU = Debug|Any CPU
		Release|Any CPU = Release|Any CPU
	EndGlobalSection
	GlobalSection(ProjectConfigurationPlatforms) = postSolution
		{861F2696-2A79-4A82-853A-74840A94D012}.Debug|Any CPU.ActiveCfg = Debug|Any CPU
		{861F2696-2A79-4A82-853A-74840A94D012}.Debug|Any CPU.Build.0 = Debug|Any CPU
		{861F2696-2A79-4A82-853A-74840A94D012}.Release|Any CPU.ActiveCfg = Release|Any CPU
		{861F2696-2A79-4A82-853A-74840A94D012}.Release|Any CPU.Build.0 = Release|Any CPU
	EndGlobalSection
	GlobalSection(SolutionProperties) = preSolution
		HideSolutionNode = FALSE
	EndGlobalSection
	GlobalSection(ExtensibilityGlobals) = postSolution
		SolutionGuid = {267BA149-7230-47BB-A0A9-D85100B62080}
	EndGlobalSection
EndGlobal
